
Microsoft Visual Studio Solution File, Format Version 12.00
# Visual Studio Version 17
VisualStudioVersion = 17.6.33815.320
MinimumVisualStudioVersion = 10.0.40219.1
Project("{888888A0-9F3D-457C-B088-3A5042F75D52}") = "Surface Science Python Code", "Surface Science Python Code\Surface Science Python Code.pyproj", "{0FFC9D52-9B84-4CF0-9D5D-9B40F5CF74FB}"
EndProject
Global
	GlobalSection(SolutionConfigurationPlatforms) = preSolution
		Debug|Any CPU = Debug|Any CPU
		Release|Any CPU = Release|Any CPU
	EndGlobalSection
	GlobalSection(ProjectConfigurationPlatforms) = postSolution
		{0FFC9D52-9B84-4CF0-9D5D-9B40F5CF74FB}.Debug|Any CPU.ActiveCfg = Debug|Any CPU
		{0FFC9D52-9B84-4CF0-9D5D-9B40F5CF74FB}.Release|Any CPU.ActiveCfg = Release|Any CPU
	EndGlobalSection
	GlobalSection(SolutionProperties) = preSolution
		HideSolutionNode = FALSE
	EndGlobalSection
	GlobalSection(ExtensibilityGlobals) = postSolution
		SolutionGuid = {3625A431-C65A-432A-A148-AFD6944CAFE8}
	EndGlobalSection
EndGlobal
